
Microsoft Visual Studio Solution File, Format Version 12.00
# Visual Studio Version 17
VisualStudioVersion = 17.4.33213.308
MinimumVisualStudioVersion = 10.0.40219.1
Project("{FAE04EC0-301F-11D3-BF4B-00C04F79EFBC}") = "DicCRUD", "DicCRUD.csproj", "{446F8D39-526E-4ACA-862C-1BEA66D33088}"
EndProject
Global
	GlobalSection(SolutionConfigurationPlatforms) = preSolution
		Debug|Any CPU = Debug|Any CPU
		Release|Any CPU = Release|Any CPU
	EndGlobalSection
	GlobalSection(ProjectConfigurationPlatforms) = postSolution
		{446F8D39-526E-4ACA-862C-1BEA66D33088}.Debug|Any CPU.ActiveCfg = Debug|Any CPU
		{446F8D39-526E-4ACA-862C-1BEA66D33088}.Debug|Any CPU.Build.0 = Debug|Any CPU
		{446F8D39-526E-4ACA-862C-1BEA66D33088}.Release|Any CPU.ActiveCfg = Release|Any CPU
		{446F8D39-526E-4ACA-862C-1BEA66D33088}.Release|Any CPU.Build.0 = Release|Any CPU
	EndGlobalSection
	GlobalSection(SolutionProperties) = preSolution
		HideSolutionNode = FALSE
	EndGlobalSection
	GlobalSection(ExtensibilityGlobals) = postSolution
		SolutionGuid = {BCE37473-32BA-4B62-8E87-021F9D02F468}
	EndGlobalSection
EndGlobal
